
Microsoft Visual Studio Solution File, Format Version 12.00
# Visual Studio Version 17
VisualStudioVersion = 17.3.32929.385
MinimumVisualStudioVersion = 10.0.40219.1
Project("{FAE04EC0-301F-11D3-BF4B-00C04F79EFBC}") = "4", "4.csproj", "{E06D7A9A-9F68-4105-87A7-5695558913AE}"
EndProject
Global
	GlobalSection(SolutionConfigurationPlatforms) = preSolution
		Debug|Any CPU = Debug|Any CPU
		Release|Any CPU = Release|Any CPU
	EndGlobalSection
	GlobalSection(ProjectConfigurationPlatforms) = postSolution
		{E06D7A9A-9F68-4105-87A7-5695558913AE}.Debug|Any CPU.ActiveCfg = Debug|Any CPU
		{E06D7A9A-9F68-4105-87A7-5695558913AE}.Debug|Any CPU.Build.0 = Debug|Any CPU
		{E06D7A9A-9F68-4105-87A7-5695558913AE}.Release|Any CPU.ActiveCfg = Release|Any CPU
		{E06D7A9A-9F68-4105-87A7-5695558913AE}.Release|Any CPU.Build.0 = Release|Any CPU
	EndGlobalSection
	GlobalSection(SolutionProperties) = preSolution
		HideSolutionNode = FALSE
	EndGlobalSection
	GlobalSection(ExtensibilityGlobals) = postSolution
		SolutionGuid = {26C0DA78-ADE0-4F4A-AC74-CB11020FDA1E}
	EndGlobalSection
EndGlobal
