
Microsoft Visual Studio Solution File, Format Version 12.00
# Visual Studio Version 17
VisualStudioVersion = 17.3.32929.385
MinimumVisualStudioVersion = 10.0.40219.1
Project("{FAE04EC0-301F-11D3-BF4B-00C04F79EFBC}") = "3", "3.csproj", "{E66ED664-40EB-4254-97E9-4D5CF43937DC}"
EndProject
Global
	GlobalSection(SolutionConfigurationPlatforms) = preSolution
		Debug|Any CPU = Debug|Any CPU
		Release|Any CPU = Release|Any CPU
	EndGlobalSection
	GlobalSection(ProjectConfigurationPlatforms) = postSolution
		{E66ED664-40EB-4254-97E9-4D5CF43937DC}.Debug|Any CPU.ActiveCfg = Debug|Any CPU
		{E66ED664-40EB-4254-97E9-4D5CF43937DC}.Debug|Any CPU.Build.0 = Debug|Any CPU
		{E66ED664-40EB-4254-97E9-4D5CF43937DC}.Release|Any CPU.ActiveCfg = Release|Any CPU
		{E66ED664-40EB-4254-97E9-4D5CF43937DC}.Release|Any CPU.Build.0 = Release|Any CPU
	EndGlobalSection
	GlobalSection(SolutionProperties) = preSolution
		HideSolutionNode = FALSE
	EndGlobalSection
	GlobalSection(ExtensibilityGlobals) = postSolution
		SolutionGuid = {F064811B-A36F-44A3-87C3-D21AA513D2B8}
	EndGlobalSection
EndGlobal
